Microsoft Visual Studio Solution File, Format Version 11.00
# Visual Studio 2008

Project("{8E269345-25AD-02EA-4419-C029BFB666E0}") = "Space Game", "Assembly-CSharp-firstpass-vs.csproj", "{D49A3728-9A42-EDFC-5471-6CAB32FEEF29}"
EndProject
Project("{8E269345-25AD-02EA-4419-C029BFB666E0}") = "Space Game", "Assembly-CSharp-vs.csproj", "{EC19933E-13EF-F540-D297-91BC7A86B658}"
EndProject
Global
	GlobalSection(SolutionConfigurationPlatforms) = preSolution
		Debug|Any CPU = Debug|Any CPU
		Release|Any CPU = Release|Any CPU
	EndGlobalSection
	GlobalSection(ProjectConfigurationPlatforms) = postSolution
		{D49A3728-9A42-EDFC-5471-6CAB32FEEF29}.Debug|Any CPU.ActiveCfg = Debug|Any CPU
		{D49A3728-9A42-EDFC-5471-6CAB32FEEF29}.Debug|Any CPU.Build.0 = Debug|Any CPU
		{D49A3728-9A42-EDFC-5471-6CAB32FEEF29}.Release|Any CPU.ActiveCfg = Release|Any CPU
		{D49A3728-9A42-EDFC-5471-6CAB32FEEF29}.Release|Any CPU.Build.0 = Release|Any CPU
		{EC19933E-13EF-F540-D297-91BC7A86B658}.Debug|Any CPU.ActiveCfg = Debug|Any CPU
		{EC19933E-13EF-F540-D297-91BC7A86B658}.Debug|Any CPU.Build.0 = Debug|Any CPU
		{EC19933E-13EF-F540-D297-91BC7A86B658}.Release|Any CPU.ActiveCfg = Release|Any CPU
		{EC19933E-13EF-F540-D297-91BC7A86B658}.Release|Any CPU.Build.0 = Release|Any CPU
	EndGlobalSection
	GlobalSection(SolutionProperties) = preSolution
		HideSolutionNode = FALSE
	EndGlobalSection
																		GlobalSection(MonoDevelopProperties) = preSolution
		StartupItem = Assembly-CSharp.csproj
		Policies = $0
		$0.TextStylePolicy = $1
		$1.inheritsSet = null
		$1.scope = text/x-csharp
		$0.CSharpFormattingPolicy = $2
		$2.inheritsSet = Mono
		$2.inheritsScope = text/x-csharp
		$2.scope = text/x-csharp
		$0.TextStylePolicy = $3
		$3.FileWidth = 120
		$3.TabWidth = 4
		$3.EolMarker = Unix
		$3.inheritsSet = Mono
		$3.inheritsScope = text/plain
		$3.scope = text/plain
	EndGlobalSection

EndGlobal
